// !$*UTF8*$!
{
	archiveVersion = 1;
	classes = {
	};
	objectVersion = 55;
	objects = {

/* Begin PBXBuildFile section */
		444BEF55284DB13D00480143 /* SwiftUI_Stacks_tutorialApp.swift in Sources */ = {isa = PBXBuildFile; fileRef = 444BEF54284DB13D00480143 /* SwiftUI_Stacks_tutorialApp.swift */; };
		444BEF57284DB13D00480143 /* ContentView.swift in Sources */ = {isa = PBXBuildFile; fileRef = 444BEF56284DB13D00480143 /* ContentView.swift */; };
		444BEF59284DB13E00480143 /* Assets.xcassets in Resources */ = {isa = PBXBuildFile; fileRef = 444BEF58284DB13E00480143 /* Assets.xcassets */; };
		444BEF5C284DB13E00480143 /* Preview Assets.xcassets in Resources */ = {isa = PBXBuildFile; fileRef = 444BEF5B284DB13E00480143 /* Preview Assets.xcassets */; };
		444BEF63284DBD8700480143 /* MyVstack.swift in Sources */ = {isa = PBXBuildFile; fileRef = 444BEF62284DBD8700480143 /* MyVstack.swift */; };
		444BEF65284DBE4C00480143 /* MyHstack.swift in Sources */ = {isa = PBXBuildFile; fileRef = 444BEF64284DBE4C00480143 /* MyHstack.swift */; };
		444BEF67284DC06800480143 /* MyZstack.swift in Sources */ = {isa = PBXBuildFile; fileRef = 444BEF66284DC06800480143 /* MyZstack.swift */; };
/* End PBXBuildFile section */

/* Begin PBXFileReference section */
		444BEF51284DB13D00480143 /* SwiftUI_Stacks_tutorial.app */ = {isa = PBXFileReference; explicitFileType = wrapper.application; includeInIndex = 0; path = SwiftUI_Stacks_tutorial.app; sourceTree = BUILT_PRODUCTS_DIR; };
		444BEF54284DB13D00480143 /* SwiftUI_Stacks_tutorialApp.swift */ = {isa = PBXFileReference; lastKnownFileType = sourcecode.swift; path = SwiftUI_Stacks_tutorialApp.swift; sourceTree = "<group>"; };
		444BEF56284DB13D00480143 /* ContentView.swift */ = {isa = PBXFileReference; lastKnownFileType = sourcecode.swift; path = ContentView.swift; sourceTree = "<group>"; };
		444BEF58284DB13E00480143 /* Assets.xcassets */ = {isa = PBXFileReference; lastKnownFileType = folder.assetcatalog; path = Assets.xcassets; sourceTree = "<group>"; };
		444BEF5B284DB13E00480143 /* Preview Assets.xcassets */ = {isa = PBXFileReference; lastKnownFileType = folder.assetcatalog; path = "Preview Assets.xcassets"; sourceTree = "<group>"; };
		444BEF62284DBD8700480143 /* MyVstack.swift */ = {isa = PBXFileReference; lastKnownFileType = sourcecode.swift; path = MyVstack.swift; sourceTree = "<group>"; };
		444BEF64284DBE4C00480143 /* MyHstack.swift */ = {isa = PBXFileReference; lastKnownFileType = sourcecode.swift; path = MyHstack.swift; sourceTree = "<group>"; };
		444BEF66284DC06800480143 /* MyZstack.swift */ = {isa = PBXFileReference; lastKnownFileType = sourcecode.swift; path = MyZstack.swift; sourceTree = "<group>"; };
/* End PBXFileReference section */

/* Begin PBXFrameworksBuildPhase section */
		444BEF4E284DB13D00480143 /* Frameworks */ = {
			isa = PBXFrameworksBuildPhase;
			buildActionMask = 2147483647;
			files = (
			);
			runOnlyForDeploymentPostprocessing = 0;
		};
/* End PBXFrameworksBuildPhase section */

/* Begin PBXGroup section */
		444BEF48284DB13D00480143 = {
			isa = PBXGroup;
			children = (
				444BEF53284DB13D00480143 /* SwiftUI_Stacks_tutorial */,
				444BEF52284DB13D00480143 /* Products */,
			);
			sourceTree = "<group>";
		};
		444BEF52284DB13D00480143 /* Products */ = {
			isa = PBXGroup;
			children = (
				444BEF51284DB13D00480143 /* SwiftUI_Stacks_tutorial.app */,
			);
			name = Products;
			sourceTree = "<group>";
		};
		444BEF53284DB13D00480143 /* SwiftUI_Stacks_tutorial */ = {
			isa = PBXGroup;
			children = (
				444BEF54284DB13D00480143 /* SwiftUI_Stacks_tutorialApp.swift */,
				444BEF56284DB13D00480143 /* ContentView.swift */,
				444BEF58284DB13E00480143 /* Assets.xcassets */,
				444BEF5A284DB13E00480143 /* Preview Content */,
				444BEF62284DBD8700480143 /* MyVstack.swift */,
				444BEF64284DBE4C00480143 /* MyHstack.swift */,
				444BEF66284DC06800480143 /* MyZstack.swift */,
			);
			path = SwiftUI_Stacks_tutorial;
			sourceTree = "<group>";
		};
		444BEF5A284DB13E00480143 /* Preview Content */ = {
			isa = PBXGroup;
			children = (
				444BEF5B284DB13E00480143 /* Preview Assets.xcassets */,
			);
			path = "Preview Content";
			sourceTree = "<group>";
		};
/* End PBXGroup section */

/* Begin PBXNativeTarget section */
		444BEF50284DB13D00480143 /* SwiftUI_Stacks_tutorial */ = {
			isa = PBXNativeTarget;
			buildConfigurationList = 444BEF5F284DB13E00480143 /* Build configuration list for PBXNativeTarget "SwiftUI_Stacks_tutorial" */;
			buildPhases = (
				444BEF4D284DB13D00480143 /* Sources */,
				444BEF4E284DB13D00480143 /* Frameworks */,
				444BEF4F284DB13D00480143 /* Resources */,
			);
			buildRules = (
			);
			dependencies = (
			);
			name = SwiftUI_Stacks_tutorial;
			productName = SwiftUI_Stacks_tutorial;
			productReference = 444BEF51284DB13D00480143 /* SwiftUI_Stacks_tutorial.app */;
			productType = "com.apple.product-type.application";
		};
/* End PBXNativeTarget section */

/* Begin PBXProject section */
		444BEF49284DB13D00480143 /* Project object */ = {
			isa = PBXProject;
			attributes = {
				BuildIndependentTargetsInParallel = 1;
				LastSwiftUpdateCheck = 1330;
				LastUpgradeCheck = 1330;
				TargetAttributes = {
					444BEF50284DB13D00480143 = {
						CreatedOnToolsVersion = 13.3;
					};
				};
			};
			buildConfigurationList = 444BEF4C284DB13D00480143 /* Build configuration list for PBXProject "SwiftUI_Stacks_tutorial" */;
			compatibilityVersion = "Xcode 13.0";
			developmentRegion = en;
			hasScannedForEncodings = 0;
			knownRegions = (
				en,
				Base,
			);
			mainGroup = 444BEF48284DB13D00480143;
			productRefGroup = 444BEF52284DB13D00480143 /* Products */;
			projectDirPath = "";
			projectRoot = "";
			targets = (
				444BEF50284DB13D00480143 /* SwiftUI_Stacks_tutorial */,
			);
		};
/* End PBXProject section */

/* Begin PBXResourcesBuildPhase section */
		444BEF4F284DB13D00480143 /* Resources */ = {
			isa = PBXResourcesBuildPhase;
			buildActionMask = 2147483647;
			files = (
				444BEF5C284DB13E00480143 /* Preview Assets.xcassets in Resources */,
				444BEF59284DB13E00480143 /* Assets.xcassets in Resources */,
			);
			runOnlyForDeploymentPostprocessing = 0;
		};
/* End PBXResourcesBuildPhase section */

/* Begin PBXSourcesBuildPhase section */
		444BEF4D284DB13D00480143 /* Sources */ = {
			isa = PBXSourcesBuildPhase;
			buildActionMask = 2147483647;
			files = (
				444BEF67284DC06800480143 /* MyZstack.swift in Sources */,
				444BEF63284DBD8700480143 /* MyVstack.swift in Sources */,
				444BEF65284DBE4C00480143 /* MyHstack.swift in Sources */,
				444BEF57284DB13D00480143 /* ContentView.swift in Sources */,
				444BEF55284DB13D00480143 /* SwiftUI_Stacks_tutorialApp.swift in Sources */,
			);
			runOnlyForDeploymentPostprocessing = 0;
		};
/* End PBXSourcesBuildPhase section */

/* Begin XCBuildConfiguration section */
		444BEF5D284DB13E00480143 /* Debug */ = {
			isa = XCBuildConfiguration;
			buildSettings = {
				ALWAYS_SEARCH_USER_PATHS = NO;
				CLANG_ANALYZER_NONNULL = YES;
				CLANG_ANALYZER_NUMBER_OBJECT_CONVERSION = YES_AGGRESSIVE;
				CLANG_CXX_LANGUAGE_STANDARD = "gnu++17";
				CLANG_ENABLE_MODULES = YES;
				CLANG_ENABLE_OBJC_ARC = YES;
				CLANG_ENABLE_OBJC_WEAK = YES;
				CLANG_WARN_BLOCK_CAPTURE_AUTORELEASING = YES;
				CLANG_WARN_BOOL_CONVERSION = YES;
				CLANG_WARN_COMMA = YES;
				CLANG_WARN_CONSTANT_CONVERSION = YES;
				CLANG_WARN_DEPRECATED_OBJC_IMPLEMENTATIONS = YES;
				CLANG_WARN_DIRECT_OBJC_ISA_USAGE = YES_ERROR;
				CLANG_WARN_DOCUMENTATION_COMMENTS = YES;
				CLANG_WARN_EMPTY_BODY = YES;
				CLANG_WARN_ENUM_CONVERSION = YES;
				CLANG_WARN_INFINITE_RECURSION = YES;
				CLANG_WARN_INT_CONVERSION = YES;
				CLANG_WARN_NON_LITERAL_NULL_CONVERSION = YES;
				CLANG_WARN_OBJC_IMPLICIT_RETAIN_SELF = YES;
				CLANG_WARN_OBJC_LITERAL_CONVERSION = YES;
				CLANG_WARN_OBJC_ROOT_CLASS = YES_ERROR;
				CLANG_WARN_QUOTED_INCLUDE_IN_FRAMEWORK_HEADER = YES;
				CLANG_WARN_RANGE_LOOP_ANALYSIS = YES;
				CLANG_WARN_STRICT_PROTOTYPES = YES;
				CLANG_WARN_SUSPICIOUS_MOVE = YES;
				CLANG_WARN_UNGUARDED_AVAILABILITY = YES_AGGRESSIVE;
				CLANG_WARN_UNREACHABLE_CODE = YES;
				CLANG_WARN__DUPLICATE_METHOD_MATCH = YES;
				COPY_PHASE_STRIP = NO;
				DEBUG_INFORMATION_FORMAT = dwarf;
				ENABLE_STRICT_OBJC_MSGSEND = YES;
				ENABLE_TESTABILITY = YES;
				GCC_C_LANGUAGE_STANDARD = gnu11;
				GCC_DYNAMIC_NO_PIC = NO;
				GCC_NO_COMMON_BLOCKS = YES;
				GCC_OPTIMIZATION_LEVEL = 0;
				GCC_PREPROCESSOR_DEFINITIONS = (
					"DEBUG=1",
					"$(inherited)",
				);
				GCC_WARN_64_TO_32_BIT_CONVERSION = YES;
				GCC_WARN_ABOUT_RETURN_TYPE = YES_ERROR;
				GCC_WARN_UNDECLARED_SELECTOR = YES;
				GCC_WARN_UNINITIALIZED_AUTOS = YES_AGGRESSIVE;
				GCC_WARN_UNUSED_FUNCTION = YES;
				GCC_WARN_UNUSED_VARIABLE = YES;
				IPHONEOS_DEPLOYMENT_TARGET = 15.4;
				MTL_ENABLE_DEBUG_INFO = INCLUDE_SOURCE;
				MTL_FAST_MATH = YES;
				ONLY_ACTIVE_ARCH = YES;
				SDKROOT = iphoneos;
				SWIFT_ACTIVE_COMPILATION_CONDITIONS = DEBUG;
				SWIFT_OPTIMIZATION_LEVEL = "-Onone";
			};
			name = Debug;
		};
		444BEF5E284DB13E00480143 /* Release */ = {
			isa = XCBuildConfiguration;
			buildSettings = {
				ALWAYS_SEARCH_USER_PATHS = NO;
				CLANG_ANALYZER_NONNULL = YES;
				CLANG_ANALYZER_NUMBER_OBJECT_CONVERSION = YES_AGGRESSIVE;
				CLANG_CXX_LANGUAGE_STANDARD = "gnu++17";
				CLANG_ENABLE_MODULES = YES;
				CLANG_ENABLE_OBJC_ARC = YES;
				CLANG_ENABLE_OBJC_WEAK = YES;
				CLANG_WARN_BLOCK_CAPTURE_AUTORELEASING = YES;
				CLANG_WARN_BOOL_CONVERSION = YES;
				CLANG_WARN_COMMA = YES;
				CLANG_WARN_CONSTANT_CONVERSION = YES;
				CLANG_WARN_DEPRECATED_OBJC_IMPLEMENTATIONS = YES;
				CLANG_WARN_DIRECT_OBJC_ISA_USAGE = YES_ERROR;
				CLANG_WARN_DOCUMENTATION_COMMENTS = YES;
				CLANG_WARN_EMPTY_BODY = YES;
				CLANG_WARN_ENUM_CONVERSION = YES;
				CLANG_WARN_INFINITE_RECURSION = YES;
				CLANG_WARN_INT_CONVERSION = YES;
				CLANG_WARN_NON_LITERAL_NULL_CONVERSION = YES;
				CLANG_WARN_OBJC_IMPLICIT_RETAIN_SELF = YES;
				CLANG_WARN_OBJC_LITERAL_CONVERSION = YES;
				CLANG_WARN_OBJC_ROOT_CLASS = YES_ERROR;
				CLANG_WARN_QUOTED_INCLUDE_IN_FRAMEWORK_HEADER = YES;
				CLANG_WARN_RANGE_LOOP_ANALYSIS = YES;
				CLANG_WARN_STRICT_PROTOTYPES = YES;
				CLANG_WARN_SUSPICIOUS_MOVE = YES;
				CLANG_WARN_UNGUARDED_AVAILABILITY = YES_AGGRESSIVE;
				CLANG_WARN_UNREACHABLE_CODE = YES;
				CLANG_WARN__DUPLICATE_METHOD_MATCH = YES;
				COPY_PHASE_STRIP = NO;
				DEBUG_INFORMATION_FORMAT = "dwarf-with-dsym";
				ENABLE_NS_ASSERTIONS = NO;
				ENABLE_STRICT_OBJC_MSGSEND = YES;
				GCC_C_LANGUAGE_STANDARD = gnu11;
				GCC_NO_COMMON_BLOCKS = YES;
				GCC_WARN_64_TO_32_BIT_CONVERSION = YES;
				GCC_WARN_ABOUT_RETURN_TYPE = YES_ERROR;
				GCC_WARN_UNDECLARED_SELECTOR = YES;
				GCC_WARN_UNINITIALIZED_AUTOS = YES_AGGRESSIVE;
				GCC_WARN_UNUSED_FUNCTION = YES;
				GCC_WARN_UNUSED_VARIABLE = YES;
				IPHONEOS_DEPLOYMENT_TARGET = 15.4;
				MTL_ENABLE_DEBUG_INFO = NO;
				MTL_FAST_MATH = YES;
				SDKROOT = iphoneos;
				SWIFT_COMPILATION_MODE = wholemodule;
				SWIFT_OPTIMIZATION_LEVEL = "-O";
				VALIDATE_PRODUCT = YES;
			};
			name = Release;
		};
		444BEF60284DB13E00480143 /* Debug */ = {
			isa = XCBuildConfiguration;
			buildSettings = {
				ASSETCATALOG_COMPILER_APPICON_NAME = AppIcon;
				ASSETCATALOG_COMPILER_GLOBAL_ACCENT_COLOR_NAME = AccentColor;
				CODE_SIGN_STYLE = Automatic;
				CURRENT_PROJECT_VERSION = 1;
				DEVELOPMENT_ASSET_PATHS = "\"SwiftUI_Stacks_tutorial/Preview Content\"";
				DEVELOPMENT_TEAM = S4XDJ58VXD;
				ENABLE_PREVIEWS = YES;
				GENERATE_INFOPLIST_FILE = YES;
				INFOPLIST_KEY_UIApplicationSceneManifest_Generation = YES;
				INFOPLIST_KEY_UIApplicationSupportsIndirectInputEvents = YES;
				INFOPLIST_KEY_UILaunchScreen_Generation = YES;
				INFOPLIST_KEY_UISupportedInterfaceOrientations_iPad = "UIInterfaceOrientationPortrait UIInterfaceOrientationPortraitUpsideDown UIInterfaceOrientationLandscapeLeft UIInterfaceOrientationLandscapeRight";
				INFOPLIST_KEY_UISupportedInterfaceOrientations_iPhone = "UIInterfaceOrientationPortrait UIInterfaceOrientationLandscapeLeft UIInterfaceOrientationLandscapeRight";
				LD_RUNPATH_SEARCH_PATHS = (
					"$(inherited)",
					"@executable_path/Frameworks",
				);
				MARKETING_VERSION = 1.0;
				PRODUCT_BUNDLE_IDENTIFIER = "kr.co.smart.SwiftUI-Stacks-tutorial";
				PRODUCT_NAME = "$(TARGET_NAME)";
				SWIFT_EMIT_LOC_STRINGS = YES;
				SWIFT_VERSION = 5.0;
				TARGETED_DEVICE_FAMILY = "1,2";
			};
			name = Debug;
		};
		444BEF61284DB13E00480143 /* Release */ = {
			isa = XCBuildConfiguration;
			buildSettings = {
				ASSETCATALOG_COMPILER_APPICON_NAME = AppIcon;
				ASSETCATALOG_COMPILER_GLOBAL_ACCENT_COLOR_NAME = AccentColor;
				CODE_SIGN_STYLE = Automatic;
				CURRENT_PROJECT_VERSION = 1;
				DEVELOPMENT_ASSET_PATHS = "\"SwiftUI_Stacks_tutorial/Preview Content\"";
				DEVELOPMENT_TEAM = S4XDJ58VXD;
				ENABLE_PREVIEWS = YES;
				GENERATE_INFOPLIST_FILE = YES;
				INFOPLIST_KEY_UIApplicationSceneManifest_Generation = YES;
				INFOPLIST_KEY_UIApplicationSupportsIndirectInputEvents = YES;
				INFOPLIST_KEY_UILaunchScreen_Generation = YES;
				INFOPLIST_KEY_UISupportedInterfaceOrientations_iPad = "UIInterfaceOrientationPortrait UIInterfaceOrientationPortraitUpsideDown UIInterfaceOrientationLandscapeLeft UIInterfaceOrientationLandscapeRight";
				INFOPLIST_KEY_UISupportedInterfaceOrientations_iPhone = "UIInterfaceOrientationPortrait UIInterfaceOrientationLandscapeLeft UIInterfaceOrientationLandscapeRight";
				LD_RUNPATH_SEARCH_PATHS = (
					"$(inherited)",
					"@executable_path/Frameworks",
				);
				MARKETING_VERSION = 1.0;
				PRODUCT_BUNDLE_IDENTIFIER = "kr.co.smart.SwiftUI-Stacks-tutorial";
				PRODUCT_NAME = "$(TARGET_NAME)";
				SWIFT_EMIT_LOC_STRINGS = YES;
				SWIFT_VERSION = 5.0;
				TARGETED_DEVICE_FAMILY = "1,2";
			};
			name = Release;
		};
/* End XCBuildConfiguration section */

/* Begin XCConfigurationList section */
		444BEF4C284DB13D00480143 /* Build configuration list for PBXProject "SwiftUI_Stacks_tutorial" */ = {
			isa = XCConfigurationList;
			buildConfigurations = (
				444BEF5D284DB13E00480143 /* Debug */,
				444BEF5E284DB13E00480143 /* Release */,
			);
			defaultConfigurationIsVisible = 0;
			defaultConfigurationName = Release;
		};
		444BEF5F284DB13E00480143 /* Build configuration list for PBXNativeTarget "SwiftUI_Stacks_tutorial" */ = {
			isa = XCConfigurationList;
			buildConfigurations = (
				444BEF60284DB13E00480143 /* Debug */,
				444BEF61284DB13E00480143 /* Release */,
			);
			defaultConfigurationIsVisible = 0;
			defaultConfigurationName = Release;
		};
/* End XCConfigurationList section */
	};
	rootObject = 444BEF49284DB13D00480143 /* Project object */;
}
