// !$*UTF8*$!
{
	archiveVersion = 1;
	classes = {
	};
	objectVersion = 55;
	objects = {

/* Begin PBXBuildFile section */
		4415B178284ED8D400DE6B20 /* MyCard.swift in Sources */ = {isa = PBXBuildFile; fileRef = 4415B177284ED8D400DE6B20 /* MyCard.swift */; };
		4415B17A284EE0F800DE6B20 /* MyList.swift in Sources */ = {isa = PBXBuildFile; fileRef = 4415B179284EE0F800DE6B20 /* MyList.swift */; };
		4415B17C284EFC4400DE6B20 /* MyNavigationView.swift in Sources */ = {isa = PBXBuildFile; fileRef = 4415B17B284EFC4400DE6B20 /* MyNavigationView.swift */; };
		444BEF75284E05EC00480143 /* SwiftUI_stack_pratice_tutorialApp.swift in Sources */ = {isa = PBXBuildFile; fileRef = 444BEF74284E05EC00480143 /* SwiftUI_stack_pratice_tutorialApp.swift */; };
		444BEF77284E05EC00480143 /* ContentView.swift in Sources */ = {isa = PBXBuildFile; fileRef = 444BEF76284E05EC00480143 /* ContentView.swift */; };
		444BEF79284E05EE00480143 /* Assets.xcassets in Resources */ = {isa = PBXBuildFile; fileRef = 444BEF78284E05EE00480143 /* Assets.xcassets */; };
		444BEF7C284E05EE00480143 /* Preview Assets.xcassets in Resources */ = {isa = PBXBuildFile; fileRef = 444BEF7B284E05EE00480143 /* Preview Assets.xcassets */; };
		444BEF83284E060800480143 /* MyProjectCard.swift in Sources */ = {isa = PBXBuildFile; fileRef = 444BEF82284E060800480143 /* MyProjectCard.swift */; };
		44B2D859284F8F5100037FBF /* MyProfileView.swift in Sources */ = {isa = PBXBuildFile; fileRef = 44B2D858284F8F5100037FBF /* MyProfileView.swift */; };
		44B2D85B284F908B00037FBF /* MyCircleImageView.swift in Sources */ = {isa = PBXBuildFile; fileRef = 44B2D85A284F908B00037FBF /* MyCircleImageView.swift */; };
		44B2D85D284F9A4600037FBF /* MyGeometryReader.swift in Sources */ = {isa = PBXBuildFile; fileRef = 44B2D85C284F9A4600037FBF /* MyGeometryReader.swift */; };
		44B2D85F284FEF1B00037FBF /* MyTabView.swift in Sources */ = {isa = PBXBuildFile; fileRef = 44B2D85E284FEF1B00037FBF /* MyTabView.swift */; };
		44B2D861284FF21000037FBF /* MyView.swift in Sources */ = {isa = PBXBuildFile; fileRef = 44B2D860284FF21000037FBF /* MyView.swift */; };
		44B2D86928503B6500037FBF /* MyCustomTabView.swift in Sources */ = {isa = PBXBuildFile; fileRef = 44B2D86828503B6500037FBF /* MyCustomTabView.swift */; };
		44B2D86B285064D300037FBF /* QRCodeScannerView.swift in Sources */ = {isa = PBXBuildFile; fileRef = 44B2D86A285064D300037FBF /* QRCodeScannerView.swift */; };
		44B2D86D2850694A00037FBF /* MyWebView.swift in Sources */ = {isa = PBXBuildFile; fileRef = 44B2D86C2850694A00037FBF /* MyWebView.swift */; };
		44FF3C75284E2376007A99A2 /* MyBasicCard.swift in Sources */ = {isa = PBXBuildFile; fileRef = 444BEF84284E170E00480143 /* MyBasicCard.swift */; };
/* End PBXBuildFile section */

/* Begin PBXFileReference section */
		4415B177284ED8D400DE6B20 /* MyCard.swift */ = {isa = PBXFileReference; lastKnownFileType = sourcecode.swift; path = MyCard.swift; sourceTree = "<group>"; };
		4415B179284EE0F800DE6B20 /* MyList.swift */ = {isa = PBXFileReference; lastKnownFileType = sourcecode.swift; path = MyList.swift; sourceTree = "<group>"; };
		4415B17B284EFC4400DE6B20 /* MyNavigationView.swift */ = {isa = PBXFileReference; lastKnownFileType = sourcecode.swift; path = MyNavigationView.swift; sourceTree = "<group>"; };
		444BEF71284E05EC00480143 /* SwiftUI_stack_pratice_tutorial.app */ = {isa = PBXFileReference; explicitFileType = wrapper.application; includeInIndex = 0; path = SwiftUI_stack_pratice_tutorial.app; sourceTree = BUILT_PRODUCTS_DIR; };
		444BEF74284E05EC00480143 /* SwiftUI_stack_pratice_tutorialApp.swift */ = {isa = PBXFileReference; lastKnownFileType = sourcecode.swift; path = SwiftUI_stack_pratice_tutorialApp.swift; sourceTree = "<group>"; };
		444BEF76284E05EC00480143 /* ContentView.swift */ = {isa = PBXFileReference; lastKnownFileType = sourcecode.swift; path = ContentView.swift; sourceTree = "<group>"; };
		444BEF78284E05EE00480143 /* Assets.xcassets */ = {isa = PBXFileReference; lastKnownFileType = folder.assetcatalog; path = Assets.xcassets; sourceTree = "<group>"; };
		444BEF7B284E05EE00480143 /* Preview Assets.xcassets */ = {isa = PBXFileReference; lastKnownFileType = folder.assetcatalog; path = "Preview Assets.xcassets"; sourceTree = "<group>"; };
		444BEF82284E060800480143 /* MyProjectCard.swift */ = {isa = PBXFileReference; lastKnownFileType = sourcecode.swift; path = MyProjectCard.swift; sourceTree = "<group>"; };
		444BEF84284E170E00480143 /* MyBasicCard.swift */ = {isa = PBXFileReference; lastKnownFileType = sourcecode.swift; path = MyBasicCard.swift; sourceTree = "<group>"; };
		44B2D858284F8F5100037FBF /* MyProfileView.swift */ = {isa = PBXFileReference; lastKnownFileType = sourcecode.swift; path = MyProfileView.swift; sourceTree = "<group>"; };
		44B2D85A284F908B00037FBF /* MyCircleImageView.swift */ = {isa = PBXFileReference; lastKnownFileType = sourcecode.swift; path = MyCircleImageView.swift; sourceTree = "<group>"; };
		44B2D85C284F9A4600037FBF /* MyGeometryReader.swift */ = {isa = PBXFileReference; lastKnownFileType = sourcecode.swift; path = MyGeometryReader.swift; sourceTree = "<group>"; };
		44B2D85E284FEF1B00037FBF /* MyTabView.swift */ = {isa = PBXFileReference; lastKnownFileType = sourcecode.swift; path = MyTabView.swift; sourceTree = "<group>"; };
		44B2D860284FF21000037FBF /* MyView.swift */ = {isa = PBXFileReference; lastKnownFileType = sourcecode.swift; path = MyView.swift; sourceTree = "<group>"; };
		44B2D86828503B6500037FBF /* MyCustomTabView.swift */ = {isa = PBXFileReference; lastKnownFileType = sourcecode.swift; path = MyCustomTabView.swift; sourceTree = "<group>"; };
		44B2D86A285064D300037FBF /* QRCodeScannerView.swift */ = {isa = PBXFileReference; lastKnownFileType = sourcecode.swift; path = QRCodeScannerView.swift; sourceTree = "<group>"; };
		44B2D86C2850694A00037FBF /* MyWebView.swift */ = {isa = PBXFileReference; lastKnownFileType = sourcecode.swift; path = MyWebView.swift; sourceTree = "<group>"; };
/* End PBXFileReference section */

/* Begin PBXFrameworksBuildPhase section */
		444BEF6E284E05EC00480143 /* Frameworks */ = {
			isa = PBXFrameworksBuildPhase;
			buildActionMask = 2147483647;
			files = (
			);
			runOnlyForDeploymentPostprocessing = 0;
		};
/* End PBXFrameworksBuildPhase section */

/* Begin PBXGroup section */
		444BEF68284E05EC00480143 = {
			isa = PBXGroup;
			children = (
				444BEF73284E05EC00480143 /* SwiftUI_stack_pratice_tutorial */,
				444BEF72284E05EC00480143 /* Products */,
			);
			sourceTree = "<group>";
		};
		444BEF72284E05EC00480143 /* Products */ = {
			isa = PBXGroup;
			children = (
				444BEF71284E05EC00480143 /* SwiftUI_stack_pratice_tutorial.app */,
			);
			name = Products;
			sourceTree = "<group>";
		};
		444BEF73284E05EC00480143 /* SwiftUI_stack_pratice_tutorial */ = {
			isa = PBXGroup;
			children = (
				444BEF74284E05EC00480143 /* SwiftUI_stack_pratice_tutorialApp.swift */,
				444BEF76284E05EC00480143 /* ContentView.swift */,
				44B2D86C2850694A00037FBF /* MyWebView.swift */,
				44B2D85C284F9A4600037FBF /* MyGeometryReader.swift */,
				44B2D85E284FEF1B00037FBF /* MyTabView.swift */,
				44B2D860284FF21000037FBF /* MyView.swift */,
				444BEF78284E05EE00480143 /* Assets.xcassets */,
				444BEF7A284E05EE00480143 /* Preview Content */,
				444BEF82284E060800480143 /* MyProjectCard.swift */,
				4415B179284EE0F800DE6B20 /* MyList.swift */,
				44B2D858284F8F5100037FBF /* MyProfileView.swift */,
				44B2D85A284F908B00037FBF /* MyCircleImageView.swift */,
				444BEF84284E170E00480143 /* MyBasicCard.swift */,
				4415B177284ED8D400DE6B20 /* MyCard.swift */,
				4415B17B284EFC4400DE6B20 /* MyNavigationView.swift */,
				44B2D86828503B6500037FBF /* MyCustomTabView.swift */,
				44B2D86A285064D300037FBF /* QRCodeScannerView.swift */,
			);
			path = SwiftUI_stack_pratice_tutorial;
			sourceTree = "<group>";
		};
		444BEF7A284E05EE00480143 /* Preview Content */ = {
			isa = PBXGroup;
			children = (
				444BEF7B284E05EE00480143 /* Preview Assets.xcassets */,
			);
			path = "Preview Content";
			sourceTree = "<group>";
		};
/* End PBXGroup section */

/* Begin PBXNativeTarget section */
		444BEF70284E05EC00480143 /* SwiftUI_stack_pratice_tutorial */ = {
			isa = PBXNativeTarget;
			buildConfigurationList = 444BEF7F284E05EE00480143 /* Build configuration list for PBXNativeTarget "SwiftUI_stack_pratice_tutorial" */;
			buildPhases = (
				444BEF6D284E05EC00480143 /* Sources */,
				444BEF6E284E05EC00480143 /* Frameworks */,
				444BEF6F284E05EC00480143 /* Resources */,
			);
			buildRules = (
			);
			dependencies = (
			);
			name = SwiftUI_stack_pratice_tutorial;
			productName = SwiftUI_stack_pratice_tutorial;
			productReference = 444BEF71284E05EC00480143 /* SwiftUI_stack_pratice_tutorial.app */;
			productType = "com.apple.product-type.application";
		};
/* End PBXNativeTarget section */

/* Begin PBXProject section */
		444BEF69284E05EC00480143 /* Project object */ = {
			isa = PBXProject;
			attributes = {
				BuildIndependentTargetsInParallel = 1;
				LastSwiftUpdateCheck = 1330;
				LastUpgradeCheck = 1330;
				TargetAttributes = {
					444BEF70284E05EC00480143 = {
						CreatedOnToolsVersion = 13.3;
					};
				};
			};
			buildConfigurationList = 444BEF6C284E05EC00480143 /* Build configuration list for PBXProject "SwiftUI_stack_pratice_tutorial" */;
			compatibilityVersion = "Xcode 13.0";
			developmentRegion = en;
			hasScannedForEncodings = 0;
			knownRegions = (
				en,
				Base,
			);
			mainGroup = 444BEF68284E05EC00480143;
			productRefGroup = 444BEF72284E05EC00480143 /* Products */;
			projectDirPath = "";
			projectRoot = "";
			targets = (
				444BEF70284E05EC00480143 /* SwiftUI_stack_pratice_tutorial */,
			);
		};
/* End PBXProject section */

/* Begin PBXResourcesBuildPhase section */
		444BEF6F284E05EC00480143 /* Resources */ = {
			isa = PBXResourcesBuildPhase;
			buildActionMask = 2147483647;
			files = (
				444BEF7C284E05EE00480143 /* Preview Assets.xcassets in Resources */,
				444BEF79284E05EE00480143 /* Assets.xcassets in Resources */,
			);
			runOnlyForDeploymentPostprocessing = 0;
		};
/* End PBXResourcesBuildPhase section */

/* Begin PBXSourcesBuildPhase section */
		444BEF6D284E05EC00480143 /* Sources */ = {
			isa = PBXSourcesBuildPhase;
			buildActionMask = 2147483647;
			files = (
				44B2D861284FF21000037FBF /* MyView.swift in Sources */,
				44B2D85B284F908B00037FBF /* MyCircleImageView.swift in Sources */,
				44B2D85F284FEF1B00037FBF /* MyTabView.swift in Sources */,
				444BEF83284E060800480143 /* MyProjectCard.swift in Sources */,
				44B2D859284F8F5100037FBF /* MyProfileView.swift in Sources */,
				44B2D86928503B6500037FBF /* MyCustomTabView.swift in Sources */,
				44FF3C75284E2376007A99A2 /* MyBasicCard.swift in Sources */,
				44B2D86D2850694A00037FBF /* MyWebView.swift in Sources */,
				44B2D86B285064D300037FBF /* QRCodeScannerView.swift in Sources */,
				44B2D85D284F9A4600037FBF /* MyGeometryReader.swift in Sources */,
				444BEF77284E05EC00480143 /* ContentView.swift in Sources */,
				4415B178284ED8D400DE6B20 /* MyCard.swift in Sources */,
				444BEF75284E05EC00480143 /* SwiftUI_stack_pratice_tutorialApp.swift in Sources */,
				4415B17A284EE0F800DE6B20 /* MyList.swift in Sources */,
				4415B17C284EFC4400DE6B20 /* MyNavigationView.swift in Sources */,
			);
			runOnlyForDeploymentPostprocessing = 0;
		};
/* End PBXSourcesBuildPhase section */

/* Begin XCBuildConfiguration section */
		444BEF7D284E05EE00480143 /* Debug */ = {
			isa = XCBuildConfiguration;
			buildSettings = {
				ALWAYS_SEARCH_USER_PATHS = NO;
				CLANG_ANALYZER_NONNULL = YES;
				CLANG_ANALYZER_NUMBER_OBJECT_CONVERSION = YES_AGGRESSIVE;
				CLANG_CXX_LANGUAGE_STANDARD = "gnu++17";
				CLANG_ENABLE_MODULES = YES;
				CLANG_ENABLE_OBJC_ARC = YES;
				CLANG_ENABLE_OBJC_WEAK = YES;
				CLANG_WARN_BLOCK_CAPTURE_AUTORELEASING = YES;
				CLANG_WARN_BOOL_CONVERSION = YES;
				CLANG_WARN_COMMA = YES;
				CLANG_WARN_CONSTANT_CONVERSION = YES;
				CLANG_WARN_DEPRECATED_OBJC_IMPLEMENTATIONS = YES;
				CLANG_WARN_DIRECT_OBJC_ISA_USAGE = YES_ERROR;
				CLANG_WARN_DOCUMENTATION_COMMENTS = YES;
				CLANG_WARN_EMPTY_BODY = YES;
				CLANG_WARN_ENUM_CONVERSION = YES;
				CLANG_WARN_INFINITE_RECURSION = YES;
				CLANG_WARN_INT_CONVERSION = YES;
				CLANG_WARN_NON_LITERAL_NULL_CONVERSION = YES;
				CLANG_WARN_OBJC_IMPLICIT_RETAIN_SELF = YES;
				CLANG_WARN_OBJC_LITERAL_CONVERSION = YES;
				CLANG_WARN_OBJC_ROOT_CLASS = YES_ERROR;
				CLANG_WARN_QUOTED_INCLUDE_IN_FRAMEWORK_HEADER = YES;
				CLANG_WARN_RANGE_LOOP_ANALYSIS = YES;
				CLANG_WARN_STRICT_PROTOTYPES = YES;
				CLANG_WARN_SUSPICIOUS_MOVE = YES;
				CLANG_WARN_UNGUARDED_AVAILABILITY = YES_AGGRESSIVE;
				CLANG_WARN_UNREACHABLE_CODE = YES;
				CLANG_WARN__DUPLICATE_METHOD_MATCH = YES;
				COPY_PHASE_STRIP = NO;
				DEBUG_INFORMATION_FORMAT = dwarf;
				ENABLE_STRICT_OBJC_MSGSEND = YES;
				ENABLE_TESTABILITY = YES;
				GCC_C_LANGUAGE_STANDARD = gnu11;
				GCC_DYNAMIC_NO_PIC = NO;
				GCC_NO_COMMON_BLOCKS = YES;
				GCC_OPTIMIZATION_LEVEL = 0;
				GCC_PREPROCESSOR_DEFINITIONS = (
					"DEBUG=1",
					"$(inherited)",
				);
				GCC_WARN_64_TO_32_BIT_CONVERSION = YES;
				GCC_WARN_ABOUT_RETURN_TYPE = YES_ERROR;
				GCC_WARN_UNDECLARED_SELECTOR = YES;
				GCC_WARN_UNINITIALIZED_AUTOS = YES_AGGRESSIVE;
				GCC_WARN_UNUSED_FUNCTION = YES;
				GCC_WARN_UNUSED_VARIABLE = YES;
				IPHONEOS_DEPLOYMENT_TARGET = 15.4;
				MTL_ENABLE_DEBUG_INFO = INCLUDE_SOURCE;
				MTL_FAST_MATH = YES;
				ONLY_ACTIVE_ARCH = YES;
				SDKROOT = iphoneos;
				SWIFT_ACTIVE_COMPILATION_CONDITIONS = DEBUG;
				SWIFT_OPTIMIZATION_LEVEL = "-Onone";
			};
			name = Debug;
		};
		444BEF7E284E05EE00480143 /* Release */ = {
			isa = XCBuildConfiguration;
			buildSettings = {
				ALWAYS_SEARCH_USER_PATHS = NO;
				CLANG_ANALYZER_NONNULL = YES;
				CLANG_ANALYZER_NUMBER_OBJECT_CONVERSION = YES_AGGRESSIVE;
				CLANG_CXX_LANGUAGE_STANDARD = "gnu++17";
				CLANG_ENABLE_MODULES = YES;
				CLANG_ENABLE_OBJC_ARC = YES;
				CLANG_ENABLE_OBJC_WEAK = YES;
				CLANG_WARN_BLOCK_CAPTURE_AUTORELEASING = YES;
				CLANG_WARN_BOOL_CONVERSION = YES;
				CLANG_WARN_COMMA = YES;
				CLANG_WARN_CONSTANT_CONVERSION = YES;
				CLANG_WARN_DEPRECATED_OBJC_IMPLEMENTATIONS = YES;
				CLANG_WARN_DIRECT_OBJC_ISA_USAGE = YES_ERROR;
				CLANG_WARN_DOCUMENTATION_COMMENTS = YES;
				CLANG_WARN_EMPTY_BODY = YES;
				CLANG_WARN_ENUM_CONVERSION = YES;
				CLANG_WARN_INFINITE_RECURSION = YES;
				CLANG_WARN_INT_CONVERSION = YES;
				CLANG_WARN_NON_LITERAL_NULL_CONVERSION = YES;
				CLANG_WARN_OBJC_IMPLICIT_RETAIN_SELF = YES;
				CLANG_WARN_OBJC_LITERAL_CONVERSION = YES;
				CLANG_WARN_OBJC_ROOT_CLASS = YES_ERROR;
				CLANG_WARN_QUOTED_INCLUDE_IN_FRAMEWORK_HEADER = YES;
				CLANG_WARN_RANGE_LOOP_ANALYSIS = YES;
				CLANG_WARN_STRICT_PROTOTYPES = YES;
				CLANG_WARN_SUSPICIOUS_MOVE = YES;
				CLANG_WARN_UNGUARDED_AVAILABILITY = YES_AGGRESSIVE;
				CLANG_WARN_UNREACHABLE_CODE = YES;
				CLANG_WARN__DUPLICATE_METHOD_MATCH = YES;
				COPY_PHASE_STRIP = NO;
				DEBUG_INFORMATION_FORMAT = "dwarf-with-dsym";
				ENABLE_NS_ASSERTIONS = NO;
				ENABLE_STRICT_OBJC_MSGSEND = YES;
				GCC_C_LANGUAGE_STANDARD = gnu11;
				GCC_NO_COMMON_BLOCKS = YES;
				GCC_WARN_64_TO_32_BIT_CONVERSION = YES;
				GCC_WARN_ABOUT_RETURN_TYPE = YES_ERROR;
				GCC_WARN_UNDECLARED_SELECTOR = YES;
				GCC_WARN_UNINITIALIZED_AUTOS = YES_AGGRESSIVE;
				GCC_WARN_UNUSED_FUNCTION = YES;
				GCC_WARN_UNUSED_VARIABLE = YES;
				IPHONEOS_DEPLOYMENT_TARGET = 15.4;
				MTL_ENABLE_DEBUG_INFO = NO;
				MTL_FAST_MATH = YES;
				SDKROOT = iphoneos;
				SWIFT_COMPILATION_MODE = wholemodule;
				SWIFT_OPTIMIZATION_LEVEL = "-O";
				VALIDATE_PRODUCT = YES;
			};
			name = Release;
		};
		444BEF80284E05EE00480143 /* Debug */ = {
			isa = XCBuildConfiguration;
			buildSettings = {
				ASSETCATALOG_COMPILER_APPICON_NAME = AppIcon;
				ASSETCATALOG_COMPILER_GLOBAL_ACCENT_COLOR_NAME = AccentColor;
				CODE_SIGN_STYLE = Automatic;
				CURRENT_PROJECT_VERSION = 1;
				DEVELOPMENT_ASSET_PATHS = "\"SwiftUI_stack_pratice_tutorial/Preview Content\"";
				DEVELOPMENT_TEAM = S4XDJ58VXD;
				ENABLE_PREVIEWS = YES;
				GENERATE_INFOPLIST_FILE = YES;
				INFOPLIST_KEY_UIApplicationSceneManifest_Generation = YES;
				INFOPLIST_KEY_UIApplicationSupportsIndirectInputEvents = YES;
				INFOPLIST_KEY_UILaunchScreen_Generation = YES;
				INFOPLIST_KEY_UISupportedInterfaceOrientations_iPad = "UIInterfaceOrientationPortrait UIInterfaceOrientationPortraitUpsideDown UIInterfaceOrientationLandscapeLeft UIInterfaceOrientationLandscapeRight";
				INFOPLIST_KEY_UISupportedInterfaceOrientations_iPhone = "UIInterfaceOrientationPortrait UIInterfaceOrientationLandscapeLeft UIInterfaceOrientationLandscapeRight";
				LD_RUNPATH_SEARCH_PATHS = (
					"$(inherited)",
					"@executable_path/Frameworks",
				);
				MARKETING_VERSION = 1.0;
				PRODUCT_BUNDLE_IDENTIFIER = "kr.co.smart.SwiftUI-stack-pratice-tutorial";
				PRODUCT_NAME = "$(TARGET_NAME)";
				SWIFT_EMIT_LOC_STRINGS = YES;
				SWIFT_VERSION = 5.0;
				TARGETED_DEVICE_FAMILY = "1,2";
			};
			name = Debug;
		};
		444BEF81284E05EE00480143 /* Release */ = {
			isa = XCBuildConfiguration;
			buildSettings = {
				ASSETCATALOG_COMPILER_APPICON_NAME = AppIcon;
				ASSETCATALOG_COMPILER_GLOBAL_ACCENT_COLOR_NAME = AccentColor;
				CODE_SIGN_STYLE = Automatic;
				CURRENT_PROJECT_VERSION = 1;
				DEVELOPMENT_ASSET_PATHS = "\"SwiftUI_stack_pratice_tutorial/Preview Content\"";
				DEVELOPMENT_TEAM = S4XDJ58VXD;
				ENABLE_PREVIEWS = YES;
				GENERATE_INFOPLIST_FILE = YES;
				INFOPLIST_KEY_UIApplicationSceneManifest_Generation = YES;
				INFOPLIST_KEY_UIApplicationSupportsIndirectInputEvents = YES;
				INFOPLIST_KEY_UILaunchScreen_Generation = YES;
				INFOPLIST_KEY_UISupportedInterfaceOrientations_iPad = "UIInterfaceOrientationPortrait UIInterfaceOrientationPortraitUpsideDown UIInterfaceOrientationLandscapeLeft UIInterfaceOrientationLandscapeRight";
				INFOPLIST_KEY_UISupportedInterfaceOrientations_iPhone = "UIInterfaceOrientationPortrait UIInterfaceOrientationLandscapeLeft UIInterfaceOrientationLandscapeRight";
				LD_RUNPATH_SEARCH_PATHS = (
					"$(inherited)",
					"@executable_path/Frameworks",
				);
				MARKETING_VERSION = 1.0;
				PRODUCT_BUNDLE_IDENTIFIER = "kr.co.smart.SwiftUI-stack-pratice-tutorial";
				PRODUCT_NAME = "$(TARGET_NAME)";
				SWIFT_EMIT_LOC_STRINGS = YES;
				SWIFT_VERSION = 5.0;
				TARGETED_DEVICE_FAMILY = "1,2";
			};
			name = Release;
		};
/* End XCBuildConfiguration section */

/* Begin XCConfigurationList section */
		444BEF6C284E05EC00480143 /* Build configuration list for PBXProject "SwiftUI_stack_pratice_tutorial" */ = {
			isa = XCConfigurationList;
			buildConfigurations = (
				444BEF7D284E05EE00480143 /* Debug */,
				444BEF7E284E05EE00480143 /* Release */,
			);
			defaultConfigurationIsVisible = 0;
			defaultConfigurationName = Release;
		};
		444BEF7F284E05EE00480143 /* Build configuration list for PBXNativeTarget "SwiftUI_stack_pratice_tutorial" */ = {
			isa = XCConfigurationList;
			buildConfigurations = (
				444BEF80284E05EE00480143 /* Debug */,
				444BEF81284E05EE00480143 /* Release */,
			);
			defaultConfigurationIsVisible = 0;
			defaultConfigurationName = Release;
		};
/* End XCConfigurationList section */
	};
	rootObject = 444BEF69284E05EC00480143 /* Project object */;
}
